
Microsoft Visual Studio Solution File, Format Version 12.00
# Visual Studio 15
VisualStudioVersion = 15.0.27130.2027
MinimumVisualStudioVersion = 10.0.40219.1
Project("{FAE04EC0-301F-11D3-BF4B-00C04F79EFBC}") = "InventoryRMSCR", "InventoryRMSCR\InventoryRMSCR.csproj", "{10215B4E-3FC1-46DF-994B-25468152B4D5}"
EndProject
Project("{FAE04EC0-301F-11D3-BF4B-00C04F79EFBC}") = "InventoryRMSCR.Tests", "InventoryRMSCR.Tests\InventoryRMSCR.Tests.csproj", "{D0EF3329-8E81-43B6-8ED8-38F757332D17}"
EndProject
Global
	GlobalSection(SolutionConfigurationPlatforms) = preSolution
		Debug|Any CPU = Debug|Any CPU
		Release|Any CPU = Release|Any CPU
	EndGlobalSection
	GlobalSection(ProjectConfigurationPlatforms) = postSolution
		{10215B4E-3FC1-46DF-994B-25468152B4D5}.Debug|Any CPU.ActiveCfg = Debug|Any CPU
		{10215B4E-3FC1-46DF-994B-25468152B4D5}.Debug|Any CPU.Build.0 = Debug|Any CPU
		{10215B4E-3FC1-46DF-994B-25468152B4D5}.Release|Any CPU.ActiveCfg = Release|Any CPU
		{10215B4E-3FC1-46DF-994B-25468152B4D5}.Release|Any CPU.Build.0 = Release|Any CPU
		{D0EF3329-8E81-43B6-8ED8-38F757332D17}.Debug|Any CPU.ActiveCfg = Debug|Any CPU
		{D0EF3329-8E81-43B6-8ED8-38F757332D17}.Debug|Any CPU.Build.0 = Debug|Any CPU
		{D0EF3329-8E81-43B6-8ED8-38F757332D17}.Release|Any CPU.ActiveCfg = Release|Any CPU
		{D0EF3329-8E81-43B6-8ED8-38F757332D17}.Release|Any CPU.Build.0 = Release|Any CPU
	EndGlobalSection
	GlobalSection(SolutionProperties) = preSolution
		HideSolutionNode = FALSE
	EndGlobalSection
	GlobalSection(ExtensibilityGlobals) = postSolution
		SolutionGuid = {C1B733B0-3854-4FBB-B2F8-E344988B736E}
	EndGlobalSection
EndGlobal
